
Microsoft Visual Studio Solution File, Format Version 12.00
# Visual Studio 14
VisualStudioVersion = 14.0.25420.1
MinimumVisualStudioVersion = 10.0.40219.1
Project("{FAE04EC0-301F-11D3-BF4B-00C04F79EFBC}") = "CarShowroom", "CarShowroom\CarShowroom.csproj", "{E1F2956F-DCCE-43FF-AA24-C4DBE15D5C31}"
EndProject
Project("{FAE04EC0-301F-11D3-BF4B-00C04F79EFBC}") = "CarShowroom.Domain", "CarShowroom.Domain\CarShowroom.Domain.csproj", "{2A861BBF-99D5-414B-BD16-F01DB96E1EF3}"
EndProject
Global
	GlobalSection(SolutionConfigurationPlatforms) = preSolution
		Debug|Any CPU = Debug|Any CPU
		Release|Any CPU = Release|Any CPU
	EndGlobalSection
	GlobalSection(ProjectConfigurationPlatforms) = postSolution
		{E1F2956F-DCCE-43FF-AA24-C4DBE15D5C31}.Debug|Any CPU.ActiveCfg = Debug|Any CPU
		{E1F2956F-DCCE-43FF-AA24-C4DBE15D5C31}.Debug|Any CPU.Build.0 = Debug|Any CPU
		{E1F2956F-DCCE-43FF-AA24-C4DBE15D5C31}.Release|Any CPU.ActiveCfg = Release|Any CPU
		{E1F2956F-DCCE-43FF-AA24-C4DBE15D5C31}.Release|Any CPU.Build.0 = Release|Any CPU
		{2A861BBF-99D5-414B-BD16-F01DB96E1EF3}.Debug|Any CPU.ActiveCfg = Debug|Any CPU
		{2A861BBF-99D5-414B-BD16-F01DB96E1EF3}.Debug|Any CPU.Build.0 = Debug|Any CPU
		{2A861BBF-99D5-414B-BD16-F01DB96E1EF3}.Release|Any CPU.ActiveCfg = Release|Any CPU
		{2A861BBF-99D5-414B-BD16-F01DB96E1EF3}.Release|Any CPU.Build.0 = Release|Any CPU
	EndGlobalSection
	GlobalSection(SolutionProperties) = preSolution
		HideSolutionNode = FALSE
	EndGlobalSection
EndGlobal
